
Microsoft Visual Studio Solution File, Format Version 12.00
# Visual Studio Version 17
VisualStudioVersion = 17.0.32014.148
MinimumVisualStudioVersion = 10.0.40219.1
Project("{FAE04EC0-301F-11D3-BF4B-00C04F79EFBC}") = "PrefTree", "PrefTree\PrefTree.csproj", "{43098EF0-E66D-45F1-A3B6-A997F19AFC03}"
EndProject
Global
	GlobalSection(SolutionConfigurationPlatforms) = preSolution
		Debug|Any CPU = Debug|Any CPU
		Release|Any CPU = Release|Any CPU
	EndGlobalSection
	GlobalSection(ProjectConfigurationPlatforms) = postSolution
		{43098EF0-E66D-45F1-A3B6-A997F19AFC03}.Debug|Any CPU.ActiveCfg = Debug|Any CPU
		{43098EF0-E66D-45F1-A3B6-A997F19AFC03}.Debug|Any CPU.Build.0 = Debug|Any CPU
		{43098EF0-E66D-45F1-A3B6-A997F19AFC03}.Release|Any CPU.ActiveCfg = Release|Any CPU
		{43098EF0-E66D-45F1-A3B6-A997F19AFC03}.Release|Any CPU.Build.0 = Release|Any CPU
	EndGlobalSection
	GlobalSection(SolutionProperties) = preSolution
		HideSolutionNode = FALSE
	EndGlobalSection
	GlobalSection(ExtensibilityGlobals) = postSolution
		SolutionGuid = {23FEB0E4-75BC-46C3-BBDD-CE8E26F4289F}
	EndGlobalSection
EndGlobal
